
Microsoft Visual Studio Solution File, Format Version 12.00
# Visual Studio Version 17
VisualStudioVersion = 17.1.32328.378
MinimumVisualStudioVersion = 10.0.40219.1
Project("{FAE04EC0-301F-11D3-BF4B-00C04F79EFBC}") = "NLog_Example", "NLog_Example.csproj", "{15981BEF-D763-4236-98B4-CA5BCB7AD0CF}"
EndProject
Global
	GlobalSection(SolutionConfigurationPlatforms) = preSolution
		Debug|Any CPU = Debug|Any CPU
		Release|Any CPU = Release|Any CPU
	EndGlobalSection
	GlobalSection(ProjectConfigurationPlatforms) = postSolution
		{15981BEF-D763-4236-98B4-CA5BCB7AD0CF}.Debug|Any CPU.ActiveCfg = Debug|Any CPU
		{15981BEF-D763-4236-98B4-CA5BCB7AD0CF}.Debug|Any CPU.Build.0 = Debug|Any CPU
		{15981BEF-D763-4236-98B4-CA5BCB7AD0CF}.Release|Any CPU.ActiveCfg = Release|Any CPU
		{15981BEF-D763-4236-98B4-CA5BCB7AD0CF}.Release|Any CPU.Build.0 = Release|Any CPU
	EndGlobalSection
	GlobalSection(SolutionProperties) = preSolution
		HideSolutionNode = FALSE
	EndGlobalSection
	GlobalSection(ExtensibilityGlobals) = postSolution
		SolutionGuid = {2F9DF53D-D628-4AAE-A0CC-9C5313511DE6}
	EndGlobalSection
EndGlobal
